
Microsoft Visual Studio Solution File, Format Version 12.00
# Visual Studio 15
VisualStudioVersion = 15.0.26124.0
MinimumVisualStudioVersion = 15.0.26124.0
Project("{2150E333-8FDC-42A3-9474-1A3956D46DE8}") = "Checkout.P1", "Checkout.P1", "{2BDACA0A-9AB2-481E-93EC-A2C8A6D6EEB2}"
EndProject
Project("{2150E333-8FDC-42A3-9474-1A3956D46DE8}") = "src", "src", "{A59FD783-1999-4D2A-929B-B80B8D370F79}"
EndProject
Project("{2150E333-8FDC-42A3-9474-1A3956D46DE8}") = "Checkout.P1.BasketManagement", "Checkout.P1.BasketManagement", "{8CF70197-EABC-4681-AA34-CB94B26E54EA}"
EndProject
Project("{FAE04EC0-301F-11D3-BF4B-00C04F79EFBC}") = "Checkout.P1.BasketManagement.Domain", "Checkout.P1\src\Checkout.P1.BasketManagement\Checkout.P1.BasketManagement.Domain\Checkout.P1.BasketManagement.Domain.csproj", "{41576F7D-9956-4571-BCBC-8822ED529866}"
EndProject
Project("{FAE04EC0-301F-11D3-BF4B-00C04F79EFBC}") = "Checkout.P1.BasketManagement.Application", "Checkout.P1\src\Checkout.P1.BasketManagement\Checkout.P1.BasketManagement.Application\Checkout.P1.BasketManagement.Application.csproj", "{D0A9E145-CE2D-4F27-BB85-ACCB6CE19EB3}"
EndProject
Project("{FAE04EC0-301F-11D3-BF4B-00C04F79EFBC}") = "Checkout.P1.BasketManagement.Infrastructure", "Checkout.P1\src\Checkout.P1.BasketManagement\Checkout.P1.BasketManagement.Infrastructure\Checkout.P1.BasketManagement.Infrastructure.csproj", "{219F8314-383E-4F42-9416-28566248FF90}"
EndProject
Project("{FAE04EC0-301F-11D3-BF4B-00C04F79EFBC}") = "Checkout.P1.BasketManagement.Api", "Checkout.P1\src\Checkout.P1.BasketManagement\Checkout.P1.BasketManagement.Api\Checkout.P1.BasketManagement.Api.csproj", "{6205CF24-5083-47C4-A1D4-AE341EF4B24A}"
EndProject
Project("{FAE04EC0-301F-11D3-BF4B-00C04F79EFBC}") = "Checkout.P1.ProductManagement", "Checkout.P1\src\Checkout.P1.ProductManagement\Checkout.P1.ProductManagement.csproj", "{643EFEB5-C893-4FE4-AA9F-CBCF5DEF9508}"
EndProject
Project("{2150E333-8FDC-42A3-9474-1A3956D46DE8}") = "tests", "tests", "{7379F57E-BB04-407D-B450-16EFE72BA8C4}"
EndProject
Project("{2150E333-8FDC-42A3-9474-1A3956D46DE8}") = "Checkout.P1.BasketManagement.Tests", "Checkout.P1.BasketManagement.Tests", "{ADC955FB-A99E-4E72-B3F4-F6735AE41EA3}"
EndProject
Project("{FAE04EC0-301F-11D3-BF4B-00C04F79EFBC}") = "Checkout.P1.BasketManagement.Domain.Tests", "Checkout.P1\tests\Checkout.P1.BasketManagement.Tests\Checkout.P1.BasketManagement.Domain.Tests\Checkout.P1.BasketManagement.Domain.Tests.csproj", "{791C5AB8-CCAB-4FE3-982D-600C1D738FB7}"
EndProject
Project("{FAE04EC0-301F-11D3-BF4B-00C04F79EFBC}") = "Checkout.P1.BasketManagement.Infrastructure.Tests", "Checkout.P1\tests\Checkout.P1.BasketManagement.Tests\Checkout.P1.BasketManagement.Infrastructure.Tests\Checkout.P1.BasketManagement.Infrastructure.Tests.csproj", "{6E8A1421-225F-4B89-9AAD-877A64EA4311}"
EndProject
Project("{2150E333-8FDC-42A3-9474-1A3956D46DE8}") = "Checkout.P2", "Checkout.P2", "{863749EC-7417-457A-9BD0-DDF6815E8BDF}"
EndProject
Project("{2150E333-8FDC-42A3-9474-1A3956D46DE8}") = "src", "src", "{8A2979A3-2BA3-4F24-AC41-3B484DAB3C78}"
EndProject
Project("{FAE04EC0-301F-11D3-BF4B-00C04F79EFBC}") = "Checkout.P2.BasketManagementClient", "Checkout.P2\src\Checkout.P2.BasketManagementClient\Checkout.P2.BasketManagementClient.csproj", "{C8E3A5A2-5CE5-495C-845E-4BC03CF83CA1}"
EndProject
Project("{2150E333-8FDC-42A3-9474-1A3956D46DE8}") = "tests", "tests", "{C2F6E887-14CD-483E-9279-E5D687687606}"
EndProject
Project("{FAE04EC0-301F-11D3-BF4B-00C04F79EFBC}") = "Checkout.P2.BasketManagementClient.Tests", "Checkout.P2\tests\Checkout.P2.BasketManagementClient.Tests\Checkout.P2.BasketManagementClient.Tests.csproj", "{C80D9870-7DF4-4955-ADB8-6F520572ACA0}"
EndProject
Project("{FAE04EC0-301F-11D3-BF4B-00C04F79EFBC}") = "Checkout.P1.BasketManagement.Application.Core", "Checkout.P1\src\Checkout.P1.BasketManagement\Checkout.P1.BasketManagement.Application.Core\Checkout.P1.BasketManagement.Application.Core.csproj", "{616891C0-AD76-40DD-B38A-980B97300649}"
EndProject
Global
	GlobalSection(SolutionProperties) = preSolution
		HideSolutionNode = FALSE
	EndGlobalSection
	GlobalSection(NestedProjects) = preSolution
		{A59FD783-1999-4D2A-929B-B80B8D370F79} = {2BDACA0A-9AB2-481E-93EC-A2C8A6D6EEB2}
		{8CF70197-EABC-4681-AA34-CB94B26E54EA} = {A59FD783-1999-4D2A-929B-B80B8D370F79}
		{41576F7D-9956-4571-BCBC-8822ED529866} = {8CF70197-EABC-4681-AA34-CB94B26E54EA}
		{D0A9E145-CE2D-4F27-BB85-ACCB6CE19EB3} = {8CF70197-EABC-4681-AA34-CB94B26E54EA}
		{219F8314-383E-4F42-9416-28566248FF90} = {8CF70197-EABC-4681-AA34-CB94B26E54EA}
		{6205CF24-5083-47C4-A1D4-AE341EF4B24A} = {8CF70197-EABC-4681-AA34-CB94B26E54EA}
		{643EFEB5-C893-4FE4-AA9F-CBCF5DEF9508} = {A59FD783-1999-4D2A-929B-B80B8D370F79}
		{7379F57E-BB04-407D-B450-16EFE72BA8C4} = {2BDACA0A-9AB2-481E-93EC-A2C8A6D6EEB2}
		{ADC955FB-A99E-4E72-B3F4-F6735AE41EA3} = {7379F57E-BB04-407D-B450-16EFE72BA8C4}
		{791C5AB8-CCAB-4FE3-982D-600C1D738FB7} = {ADC955FB-A99E-4E72-B3F4-F6735AE41EA3}
		{6E8A1421-225F-4B89-9AAD-877A64EA4311} = {ADC955FB-A99E-4E72-B3F4-F6735AE41EA3}
		{8A2979A3-2BA3-4F24-AC41-3B484DAB3C78} = {863749EC-7417-457A-9BD0-DDF6815E8BDF}
		{C8E3A5A2-5CE5-495C-845E-4BC03CF83CA1} = {8A2979A3-2BA3-4F24-AC41-3B484DAB3C78}
		{C2F6E887-14CD-483E-9279-E5D687687606} = {863749EC-7417-457A-9BD0-DDF6815E8BDF}
		{C80D9870-7DF4-4955-ADB8-6F520572ACA0} = {C2F6E887-14CD-483E-9279-E5D687687606}
		{616891C0-AD76-40DD-B38A-980B97300649} = {8CF70197-EABC-4681-AA34-CB94B26E54EA}
	EndGlobalSection
	GlobalSection(SolutionConfigurationPlatforms) = preSolution
		Debug|Any CPU = Debug|Any CPU
		Debug|x64 = Debug|x64
		Debug|x86 = Debug|x86
		Release|Any CPU = Release|Any CPU
		Release|x64 = Release|x64
		Release|x86 = Release|x86
	EndGlobalSection
	GlobalSection(ProjectConfigurationPlatforms) = postSolution
		{41576F7D-9956-4571-BCBC-8822ED529866}.Debug|Any CPU.ActiveCfg = Debug|Any CPU
		{41576F7D-9956-4571-BCBC-8822ED529866}.Debug|Any CPU.Build.0 = Debug|Any CPU
		{41576F7D-9956-4571-BCBC-8822ED529866}.Debug|x64.ActiveCfg = Debug|x64
		{41576F7D-9956-4571-BCBC-8822ED529866}.Debug|x64.Build.0 = Debug|x64
		{41576F7D-9956-4571-BCBC-8822ED529866}.Debug|x86.ActiveCfg = Debug|x86
		{41576F7D-9956-4571-BCBC-8822ED529866}.Debug|x86.Build.0 = Debug|x86
		{41576F7D-9956-4571-BCBC-8822ED529866}.Release|Any CPU.ActiveCfg = Release|Any CPU
		{41576F7D-9956-4571-BCBC-8822ED529866}.Release|Any CPU.Build.0 = Release|Any CPU
		{41576F7D-9956-4571-BCBC-8822ED529866}.Release|x64.ActiveCfg = Release|x64
		{41576F7D-9956-4571-BCBC-8822ED529866}.Release|x64.Build.0 = Release|x64
		{41576F7D-9956-4571-BCBC-8822ED529866}.Release|x86.ActiveCfg = Release|x86
		{41576F7D-9956-4571-BCBC-8822ED529866}.Release|x86.Build.0 = Release|x86
		{D0A9E145-CE2D-4F27-BB85-ACCB6CE19EB3}.Debug|Any CPU.ActiveCfg = Debug|Any CPU
		{D0A9E145-CE2D-4F27-BB85-ACCB6CE19EB3}.Debug|Any CPU.Build.0 = Debug|Any CPU
		{D0A9E145-CE2D-4F27-BB85-ACCB6CE19EB3}.Debug|x64.ActiveCfg = Debug|x64
		{D0A9E145-CE2D-4F27-BB85-ACCB6CE19EB3}.Debug|x64.Build.0 = Debug|x64
		{D0A9E145-CE2D-4F27-BB85-ACCB6CE19EB3}.Debug|x86.ActiveCfg = Debug|x86
		{D0A9E145-CE2D-4F27-BB85-ACCB6CE19EB3}.Debug|x86.Build.0 = Debug|x86
		{D0A9E145-CE2D-4F27-BB85-ACCB6CE19EB3}.Release|Any CPU.ActiveCfg = Release|Any CPU
		{D0A9E145-CE2D-4F27-BB85-ACCB6CE19EB3}.Release|Any CPU.Build.0 = Release|Any CPU
		{D0A9E145-CE2D-4F27-BB85-ACCB6CE19EB3}.Release|x64.ActiveCfg = Release|x64
		{D0A9E145-CE2D-4F27-BB85-ACCB6CE19EB3}.Release|x64.Build.0 = Release|x64
		{D0A9E145-CE2D-4F27-BB85-ACCB6CE19EB3}.Release|x86.ActiveCfg = Release|x86
		{D0A9E145-CE2D-4F27-BB85-ACCB6CE19EB3}.Release|x86.Build.0 = Release|x86
		{219F8314-383E-4F42-9416-28566248FF90}.Debug|Any CPU.ActiveCfg = Debug|Any CPU
		{219F8314-383E-4F42-9416-28566248FF90}.Debug|Any CPU.Build.0 = Debug|Any CPU
		{219F8314-383E-4F42-9416-28566248FF90}.Debug|x64.ActiveCfg = Debug|x64
		{219F8314-383E-4F42-9416-28566248FF90}.Debug|x64.Build.0 = Debug|x64
		{219F8314-383E-4F42-9416-28566248FF90}.Debug|x86.ActiveCfg = Debug|x86
		{219F8314-383E-4F42-9416-28566248FF90}.Debug|x86.Build.0 = Debug|x86
		{219F8314-383E-4F42-9416-28566248FF90}.Release|Any CPU.ActiveCfg = Release|Any CPU
		{219F8314-383E-4F42-9416-28566248FF90}.Release|Any CPU.Build.0 = Release|Any CPU
		{219F8314-383E-4F42-9416-28566248FF90}.Release|x64.ActiveCfg = Release|x64
		{219F8314-383E-4F42-9416-28566248FF90}.Release|x64.Build.0 = Release|x64
		{219F8314-383E-4F42-9416-28566248FF90}.Release|x86.ActiveCfg = Release|x86
		{219F8314-383E-4F42-9416-28566248FF90}.Release|x86.Build.0 = Release|x86
		{6205CF24-5083-47C4-A1D4-AE341EF4B24A}.Debug|Any CPU.ActiveCfg = Debug|Any CPU
		{6205CF24-5083-47C4-A1D4-AE341EF4B24A}.Debug|Any CPU.Build.0 = Debug|Any CPU
		{6205CF24-5083-47C4-A1D4-AE341EF4B24A}.Debug|x64.ActiveCfg = Debug|x64
		{6205CF24-5083-47C4-A1D4-AE341EF4B24A}.Debug|x64.Build.0 = Debug|x64
		{6205CF24-5083-47C4-A1D4-AE341EF4B24A}.Debug|x86.ActiveCfg = Debug|x86
		{6205CF24-5083-47C4-A1D4-AE341EF4B24A}.Debug|x86.Build.0 = Debug|x86
		{6205CF24-5083-47C4-A1D4-AE341EF4B24A}.Release|Any CPU.ActiveCfg = Release|Any CPU
		{6205CF24-5083-47C4-A1D4-AE341EF4B24A}.Release|Any CPU.Build.0 = Release|Any CPU
		{6205CF24-5083-47C4-A1D4-AE341EF4B24A}.Release|x64.ActiveCfg = Release|x64
		{6205CF24-5083-47C4-A1D4-AE341EF4B24A}.Release|x64.Build.0 = Release|x64
		{6205CF24-5083-47C4-A1D4-AE341EF4B24A}.Release|x86.ActiveCfg = Release|x86
		{6205CF24-5083-47C4-A1D4-AE341EF4B24A}.Release|x86.Build.0 = Release|x86
		{643EFEB5-C893-4FE4-AA9F-CBCF5DEF9508}.Debug|Any CPU.ActiveCfg = Debug|Any CPU
		{643EFEB5-C893-4FE4-AA9F-CBCF5DEF9508}.Debug|Any CPU.Build.0 = Debug|Any CPU
		{643EFEB5-C893-4FE4-AA9F-CBCF5DEF9508}.Debug|x64.ActiveCfg = Debug|x64
		{643EFEB5-C893-4FE4-AA9F-CBCF5DEF9508}.Debug|x64.Build.0 = Debug|x64
		{643EFEB5-C893-4FE4-AA9F-CBCF5DEF9508}.Debug|x86.ActiveCfg = Debug|x86
		{643EFEB5-C893-4FE4-AA9F-CBCF5DEF9508}.Debug|x86.Build.0 = Debug|x86
		{643EFEB5-C893-4FE4-AA9F-CBCF5DEF9508}.Release|Any CPU.ActiveCfg = Release|Any CPU
		{643EFEB5-C893-4FE4-AA9F-CBCF5DEF9508}.Release|Any CPU.Build.0 = Release|Any CPU
		{643EFEB5-C893-4FE4-AA9F-CBCF5DEF9508}.Release|x64.ActiveCfg = Release|x64
		{643EFEB5-C893-4FE4-AA9F-CBCF5DEF9508}.Release|x64.Build.0 = Release|x64
		{643EFEB5-C893-4FE4-AA9F-CBCF5DEF9508}.Release|x86.ActiveCfg = Release|x86
		{643EFEB5-C893-4FE4-AA9F-CBCF5DEF9508}.Release|x86.Build.0 = Release|x86
		{791C5AB8-CCAB-4FE3-982D-600C1D738FB7}.Debug|Any CPU.ActiveCfg = Debug|Any CPU
		{791C5AB8-CCAB-4FE3-982D-600C1D738FB7}.Debug|Any CPU.Build.0 = Debug|Any CPU
		{791C5AB8-CCAB-4FE3-982D-600C1D738FB7}.Debug|x64.ActiveCfg = Debug|x64
		{791C5AB8-CCAB-4FE3-982D-600C1D738FB7}.Debug|x64.Build.0 = Debug|x64
		{791C5AB8-CCAB-4FE3-982D-600C1D738FB7}.Debug|x86.ActiveCfg = Debug|x86
		{791C5AB8-CCAB-4FE3-982D-600C1D738FB7}.Debug|x86.Build.0 = Debug|x86
		{791C5AB8-CCAB-4FE3-982D-600C1D738FB7}.Release|Any CPU.ActiveCfg = Release|Any CPU
		{791C5AB8-CCAB-4FE3-982D-600C1D738FB7}.Release|Any CPU.Build.0 = Release|Any CPU
		{791C5AB8-CCAB-4FE3-982D-600C1D738FB7}.Release|x64.ActiveCfg = Release|x64
		{791C5AB8-CCAB-4FE3-982D-600C1D738FB7}.Release|x64.Build.0 = Release|x64
		{791C5AB8-CCAB-4FE3-982D-600C1D738FB7}.Release|x86.ActiveCfg = Release|x86
		{791C5AB8-CCAB-4FE3-982D-600C1D738FB7}.Release|x86.Build.0 = Release|x86
		{6E8A1421-225F-4B89-9AAD-877A64EA4311}.Debug|Any CPU.ActiveCfg = Debug|Any CPU
		{6E8A1421-225F-4B89-9AAD-877A64EA4311}.Debug|Any CPU.Build.0 = Debug|Any CPU
		{6E8A1421-225F-4B89-9AAD-877A64EA4311}.Debug|x64.ActiveCfg = Debug|x64
		{6E8A1421-225F-4B89-9AAD-877A64EA4311}.Debug|x64.Build.0 = Debug|x64
		{6E8A1421-225F-4B89-9AAD-877A64EA4311}.Debug|x86.ActiveCfg = Debug|x86
		{6E8A1421-225F-4B89-9AAD-877A64EA4311}.Debug|x86.Build.0 = Debug|x86
		{6E8A1421-225F-4B89-9AAD-877A64EA4311}.Release|Any CPU.ActiveCfg = Release|Any CPU
		{6E8A1421-225F-4B89-9AAD-877A64EA4311}.Release|Any CPU.Build.0 = Release|Any CPU
		{6E8A1421-225F-4B89-9AAD-877A64EA4311}.Release|x64.ActiveCfg = Release|x64
		{6E8A1421-225F-4B89-9AAD-877A64EA4311}.Release|x64.Build.0 = Release|x64
		{6E8A1421-225F-4B89-9AAD-877A64EA4311}.Release|x86.ActiveCfg = Release|x86
		{6E8A1421-225F-4B89-9AAD-877A64EA4311}.Release|x86.Build.0 = Release|x86
		{C8E3A5A2-5CE5-495C-845E-4BC03CF83CA1}.Debug|Any CPU.ActiveCfg = Debug|Any CPU
		{C8E3A5A2-5CE5-495C-845E-4BC03CF83CA1}.Debug|Any CPU.Build.0 = Debug|Any CPU
		{C8E3A5A2-5CE5-495C-845E-4BC03CF83CA1}.Debug|x64.ActiveCfg = Debug|x64
		{C8E3A5A2-5CE5-495C-845E-4BC03CF83CA1}.Debug|x64.Build.0 = Debug|x64
		{C8E3A5A2-5CE5-495C-845E-4BC03CF83CA1}.Debug|x86.ActiveCfg = Debug|x86
		{C8E3A5A2-5CE5-495C-845E-4BC03CF83CA1}.Debug|x86.Build.0 = Debug|x86
		{C8E3A5A2-5CE5-495C-845E-4BC03CF83CA1}.Release|Any CPU.ActiveCfg = Release|Any CPU
		{C8E3A5A2-5CE5-495C-845E-4BC03CF83CA1}.Release|Any CPU.Build.0 = Release|Any CPU
		{C8E3A5A2-5CE5-495C-845E-4BC03CF83CA1}.Release|x64.ActiveCfg = Release|x64
		{C8E3A5A2-5CE5-495C-845E-4BC03CF83CA1}.Release|x64.Build.0 = Release|x64
		{C8E3A5A2-5CE5-495C-845E-4BC03CF83CA1}.Release|x86.ActiveCfg = Release|x86
		{C8E3A5A2-5CE5-495C-845E-4BC03CF83CA1}.Release|x86.Build.0 = Release|x86
		{C80D9870-7DF4-4955-ADB8-6F520572ACA0}.Debug|Any CPU.ActiveCfg = Debug|Any CPU
		{C80D9870-7DF4-4955-ADB8-6F520572ACA0}.Debug|Any CPU.Build.0 = Debug|Any CPU
		{C80D9870-7DF4-4955-ADB8-6F520572ACA0}.Debug|x64.ActiveCfg = Debug|x64
		{C80D9870-7DF4-4955-ADB8-6F520572ACA0}.Debug|x64.Build.0 = Debug|x64
		{C80D9870-7DF4-4955-ADB8-6F520572ACA0}.Debug|x86.ActiveCfg = Debug|x86
		{C80D9870-7DF4-4955-ADB8-6F520572ACA0}.Debug|x86.Build.0 = Debug|x86
		{C80D9870-7DF4-4955-ADB8-6F520572ACA0}.Release|Any CPU.ActiveCfg = Release|Any CPU
		{C80D9870-7DF4-4955-ADB8-6F520572ACA0}.Release|Any CPU.Build.0 = Release|Any CPU
		{C80D9870-7DF4-4955-ADB8-6F520572ACA0}.Release|x64.ActiveCfg = Release|x64
		{C80D9870-7DF4-4955-ADB8-6F520572ACA0}.Release|x64.Build.0 = Release|x64
		{C80D9870-7DF4-4955-ADB8-6F520572ACA0}.Release|x86.ActiveCfg = Release|x86
		{C80D9870-7DF4-4955-ADB8-6F520572ACA0}.Release|x86.Build.0 = Release|x86
		{616891C0-AD76-40DD-B38A-980B97300649}.Debug|Any CPU.ActiveCfg = Debug|Any CPU
		{616891C0-AD76-40DD-B38A-980B97300649}.Debug|Any CPU.Build.0 = Debug|Any CPU
		{616891C0-AD76-40DD-B38A-980B97300649}.Debug|x64.ActiveCfg = Debug|x64
		{616891C0-AD76-40DD-B38A-980B97300649}.Debug|x64.Build.0 = Debug|x64
		{616891C0-AD76-40DD-B38A-980B97300649}.Debug|x86.ActiveCfg = Debug|x86
		{616891C0-AD76-40DD-B38A-980B97300649}.Debug|x86.Build.0 = Debug|x86
		{616891C0-AD76-40DD-B38A-980B97300649}.Release|Any CPU.ActiveCfg = Release|Any CPU
		{616891C0-AD76-40DD-B38A-980B97300649}.Release|Any CPU.Build.0 = Release|Any CPU
		{616891C0-AD76-40DD-B38A-980B97300649}.Release|x64.ActiveCfg = Release|x64
		{616891C0-AD76-40DD-B38A-980B97300649}.Release|x64.Build.0 = Release|x64
		{616891C0-AD76-40DD-B38A-980B97300649}.Release|x86.ActiveCfg = Release|x86
		{616891C0-AD76-40DD-B38A-980B97300649}.Release|x86.Build.0 = Release|x86
	EndGlobalSection
EndGlobal
